
Microsoft Visual Studio Solution File, Format Version 12.00
# Visual Studio Version 17
VisualStudioVersion = 17.2.32616.157
MinimumVisualStudioVersion = 10.0.40219.1
Project("{FAE04EC0-301F-11D3-BF4B-00C04F79EFBC}") = "PROG6212Task1WPF", "PROG6212Task1WPF.csproj", "{D875EAC7-6184-49DE-B96C-92DD7FF5A516}"
EndProject
Global
	GlobalSection(SolutionConfigurationPlatforms) = preSolution
		Debug|Any CPU = Debug|Any CPU
		Release|Any CPU = Release|Any CPU
	EndGlobalSection
	GlobalSection(ProjectConfigurationPlatforms) = postSolution
		{D875EAC7-6184-49DE-B96C-92DD7FF5A516}.Debug|Any CPU.ActiveCfg = Debug|Any CPU
		{D875EAC7-6184-49DE-B96C-92DD7FF5A516}.Debug|Any CPU.Build.0 = Debug|Any CPU
		{D875EAC7-6184-49DE-B96C-92DD7FF5A516}.Release|Any CPU.ActiveCfg = Release|Any CPU
		{D875EAC7-6184-49DE-B96C-92DD7FF5A516}.Release|Any CPU.Build.0 = Release|Any CPU
	EndGlobalSection
	GlobalSection(SolutionProperties) = preSolution
		HideSolutionNode = FALSE
	EndGlobalSection
	GlobalSection(ExtensibilityGlobals) = postSolution
		SolutionGuid = {BBD32EAD-4906-4847-B43F-F34016C936C7}
	EndGlobalSection
EndGlobal
